
Microsoft Visual Studio Solution File, Format Version 12.00
# Visual Studio 15
VisualStudioVersion = 15.0.28010.2003
MinimumVisualStudioVersion = 10.0.40219.1
Project("{FAE04EC0-301F-11D3-BF4B-00C04F79EFBC}") = "MonteCarloMethod", "MonteCarloMethod\MonteCarloMethod.csproj", "{E75B87C1-6EBB-4562-AD20-6F85E18A646B}"
EndProject
Global
	GlobalSection(SolutionConfigurationPlatforms) = preSolution
		Debug|Any CPU = Debug|Any CPU
		Release|Any CPU = Release|Any CPU
	EndGlobalSection
	GlobalSection(ProjectConfigurationPlatforms) = postSolution
		{E75B87C1-6EBB-4562-AD20-6F85E18A646B}.Debug|Any CPU.ActiveCfg = Debug|Any CPU
		{E75B87C1-6EBB-4562-AD20-6F85E18A646B}.Debug|Any CPU.Build.0 = Debug|Any CPU
		{E75B87C1-6EBB-4562-AD20-6F85E18A646B}.Release|Any CPU.ActiveCfg = Release|Any CPU
		{E75B87C1-6EBB-4562-AD20-6F85E18A646B}.Release|Any CPU.Build.0 = Release|Any CPU
	EndGlobalSection
	GlobalSection(SolutionProperties) = preSolution
		HideSolutionNode = FALSE
	EndGlobalSection
	GlobalSection(ExtensibilityGlobals) = postSolution
		SolutionGuid = {0259BE17-F40C-434F-AC4A-000BAA1B0AA4}
	EndGlobalSection
EndGlobal
